// !$*UTF8*$!
{
	archiveVersion = 1;
	classes = {
	};
	objectVersion = 46;
	objects = {

/* Begin PBXBuildFile section */
		A0CC289E1DA9DFB200821114 /* AppDelegate.swift in Sources */ = {isa = PBXBuildFile; fileRef = A0CC289D1DA9DFB200821114 /* AppDelegate.swift */; };
		A0CC28A01DA9DFB200821114 /* ViewController.swift in Sources */ = {isa = PBXBuildFile; fileRef = A0CC289F1DA9DFB200821114 /* ViewController.swift */; };
		A0CC28A31DA9DFB200821114 /* Main.storyboard in Resources */ = {isa = PBXBuildFile; fileRef = A0CC28A11DA9DFB200821114 /* Main.storyboard */; };
		A0CC28A51DA9DFB200821114 /* Assets.xcassets in Resources */ = {isa = PBXBuildFile; fileRef = A0CC28A41DA9DFB200821114 /* Assets.xcassets */; };
		A0CC28A81DA9DFB200821114 /* LaunchScreen.storyboard in Resources */ = {isa = PBXBuildFile; fileRef = A0CC28A61DA9DFB200821114 /* LaunchScreen.storyboard */; };
/* End PBXBuildFile section */

/* Begin PBXFileReference section */
		A0CC289A1DA9DFB200821114 /* PersonalDrame.app */ = {isa = PBXFileReference; explicitFileType = wrapper.application; includeInIndex = 0; path = PersonalDrame.app; sourceTree = BUILT_PRODUCTS_DIR; };
		A0CC289D1DA9DFB200821114 /* AppDelegate.swift */ = {isa = PBXFileReference; lastKnownFileType = sourcecode.swift; path = AppDelegate.swift; sourceTree = "<group>"; };
		A0CC289F1DA9DFB200821114 /* ViewController.swift */ = {isa = PBXFileReference; lastKnownFileType = sourcecode.swift; path = ViewController.swift; sourceTree = "<group>"; };
		A0CC28A21DA9DFB200821114 /* Base */ = {isa = PBXFileReference; lastKnownFileType = file.storyboard; name = Base; path = Base.lproj/Main.storyboard; sourceTree = "<group>"; };
		A0CC28A41DA9DFB200821114 /* Assets.xcassets */ = {isa = PBXFileReference; lastKnownFileType = folder.assetcatalog; path = Assets.xcassets; sourceTree = "<group>"; };
		A0CC28A71DA9DFB200821114 /* Base */ = {isa = PBXFileReference; lastKnownFileType = file.storyboard; name = Base; path = Base.lproj/LaunchScreen.storyboard; sourceTree = "<group>"; };
		A0CC28A91DA9DFB200821114 /* Info.plist */ = {isa = PBXFileReference; lastKnownFileType = text.plist.xml; path = Info.plist; sourceTree = "<group>"; };
/* End PBXFileReference section */

/* Begin PBXFrameworksBuildPhase section */
		A0CC28971DA9DFB200821114 /* Frameworks */ = {
			isa = PBXFrameworksBuildPhase;
			buildActionMask = 2147483647;
			files = (
			);
			runOnlyForDeploymentPostprocessing = 0;
		};
/* End PBXFrameworksBuildPhase section */

/* Begin PBXGroup section */
		A0CC28911DA9DFB200821114 = {
			isa = PBXGroup;
			children = (
				A0CC289C1DA9DFB200821114 /* PersonalDrame */,
				A0CC289B1DA9DFB200821114 /* Products */,
			);
			sourceTree = "<group>";
		};
		A0CC289B1DA9DFB200821114 /* Products */ = {
			isa = PBXGroup;
			children = (
				A0CC289A1DA9DFB200821114 /* PersonalDrame.app */,
			);
			name = Products;
			sourceTree = "<group>";
		};
		A0CC289C1DA9DFB200821114 /* PersonalDrame */ = {
			isa = PBXGroup;
			children = (
				A0CC289D1DA9DFB200821114 /* AppDelegate.swift */,
				A0CC289F1DA9DFB200821114 /* ViewController.swift */,
				A0CC28A11DA9DFB200821114 /* Main.storyboard */,
				A0CC28A41DA9DFB200821114 /* Assets.xcassets */,
				A0CC28A61DA9DFB200821114 /* LaunchScreen.storyboard */,
				A0CC28A91DA9DFB200821114 /* Info.plist */,
			);
			path = PersonalDrame;
			sourceTree = "<group>";
		};
/* End PBXGroup section */

/* Begin PBXNativeTarget section */
		A0CC28991DA9DFB200821114 /* PersonalDrame */ = {
			isa = PBXNativeTarget;
			buildConfigurationList = A0CC28AC1DA9DFB200821114 /* Build configuration list for PBXNativeTarget "PersonalDrame" */;
			buildPhases = (
				A0CC28961DA9DFB200821114 /* Sources */,
				A0CC28971DA9DFB200821114 /* Frameworks */,
				A0CC28981DA9DFB200821114 /* Resources */,
			);
			buildRules = (
			);
			dependencies = (
			);
			name = PersonalDrame;
			productName = PersonalDrame;
			productReference = A0CC289A1DA9DFB200821114 /* PersonalDrame.app */;
			productType = "com.apple.product-type.application";
		};
/* End PBXNativeTarget section */

/* Begin PBXProject section */
		A0CC28921DA9DFB200821114 /* Project object */ = {
			isa = PBXProject;
			attributes = {
				LastSwiftUpdateCheck = 0800;
				LastUpgradeCheck = 0800;
				ORGANIZATIONNAME = "水蒸气很快乐";
				TargetAttributes = {
					A0CC28991DA9DFB200821114 = {
						CreatedOnToolsVersion = 8.0;
						ProvisioningStyle = Automatic;
					};
				};
			};
			buildConfigurationList = A0CC28951DA9DFB200821114 /* Build configuration list for PBXProject "PersonalDrame" */;
			compatibilityVersion = "Xcode 3.2";
			developmentRegion = English;
			hasScannedForEncodings = 0;
			knownRegions = (
				en,
				Base,
			);
			mainGroup = A0CC28911DA9DFB200821114;
			productRefGroup = A0CC289B1DA9DFB200821114 /* Products */;
			projectDirPath = "";
			projectRoot = "";
			targets = (
				A0CC28991DA9DFB200821114 /* PersonalDrame */,
			);
		};
/* End PBXProject section */

/* Begin PBXResourcesBuildPhase section */
		A0CC28981DA9DFB200821114 /* Resources */ = {
			isa = PBXResourcesBuildPhase;
			buildActionMask = 2147483647;
			files = (
				A0CC28A81DA9DFB200821114 /* LaunchScreen.storyboard in Resources */,
				A0CC28A51DA9DFB200821114 /* Assets.xcassets in Resources */,
				A0CC28A31DA9DFB200821114 /* Main.storyboard in Resources */,
			);
			runOnlyForDeploymentPostprocessing = 0;
		};
/* End PBXResourcesBuildPhase section */

/* Begin PBXSourcesBuildPhase section */
		A0CC28961DA9DFB200821114 /* Sources */ = {
			isa = PBXSourcesBuildPhase;
			buildActionMask = 2147483647;
			files = (
				A0CC28A01DA9DFB200821114 /* ViewController.swift in Sources */,
				A0CC289E1DA9DFB200821114 /* AppDelegate.swift in Sources */,
			);
			runOnlyForDeploymentPostprocessing = 0;
		};
/* End PBXSourcesBuildPhase section */

/* Begin PBXVariantGroup section */
		A0CC28A11DA9DFB200821114 /* Main.storyboard */ = {
			isa = PBXVariantGroup;
			children = (
				A0CC28A21DA9DFB200821114 /* Base */,
			);
			name = Main.storyboard;
			sourceTree = "<group>";
		};
		A0CC28A61DA9DFB200821114 /* LaunchScreen.storyboard */ = {
			isa = PBXVariantGroup;
			children = (
				A0CC28A71DA9DFB200821114 /* Base */,
			);
			name = LaunchScreen.storyboard;
			sourceTree = "<group>";
		};
/* End PBXVariantGroup section */

/* Begin XCBuildConfiguration section */
		A0CC28AA1DA9DFB200821114 /* Debug */ = {
			isa = XCBuildConfiguration;
			buildSettings = {
				ALWAYS_SEARCH_USER_PATHS = NO;
				CLANG_ANALYZER_NONNULL = YES;
				CLANG_CXX_LANGUAGE_STANDARD = "gnu++0x";
				CLANG_CXX_LIBRARY = "libc++";
				CLANG_ENABLE_MODULES = YES;
				CLANG_ENABLE_OBJC_ARC = YES;
				CLANG_WARN_BOOL_CONVERSION = YES;
				CLANG_WARN_CONSTANT_CONVERSION = YES;
				CLANG_WARN_DIRECT_OBJC_ISA_USAGE = YES_ERROR;
				CLANG_WARN_DOCUMENTATION_COMMENTS = YES;
				CLANG_WARN_EMPTY_BODY = YES;
				CLANG_WARN_ENUM_CONVERSION = YES;
				CLANG_WARN_INFINITE_RECURSION = YES;
				CLANG_WARN_INT_CONVERSION = YES;
				CLANG_WARN_OBJC_ROOT_CLASS = YES_ERROR;
				CLANG_WARN_SUSPICIOUS_MOVES = YES;
				CLANG_WARN_UNREACHABLE_CODE = YES;
				CLANG_WARN__DUPLICATE_METHOD_MATCH = YES;
				"CODE_SIGN_IDENTITY[sdk=iphoneos*]" = "iPhone Developer";
				COPY_PHASE_STRIP = NO;
				DEBUG_INFORMATION_FORMAT = dwarf;
				ENABLE_STRICT_OBJC_MSGSEND = YES;
				ENABLE_TESTABILITY = YES;
				GCC_C_LANGUAGE_STANDARD = gnu99;
				GCC_DYNAMIC_NO_PIC = NO;
				GCC_NO_COMMON_BLOCKS = YES;
				GCC_OPTIMIZATION_LEVEL = 0;
				GCC_PREPROCESSOR_DEFINITIONS = (
					"DEBUG=1",
					"$(inherited)",
				);
				GCC_WARN_64_TO_32_BIT_CONVERSION = YES;
				GCC_WARN_ABOUT_RETURN_TYPE = YES_ERROR;
				GCC_WARN_UNDECLARED_SELECTOR = YES;
				GCC_WARN_UNINITIALIZED_AUTOS = YES_AGGRESSIVE;
				GCC_WARN_UNUSED_FUNCTION = YES;
				GCC_WARN_UNUSED_VARIABLE = YES;
				IPHONEOS_DEPLOYMENT_TARGET = 10.0;
				MTL_ENABLE_DEBUG_INFO = YES;
				ONLY_ACTIVE_ARCH = YES;
				SDKROOT = iphoneos;
				SWIFT_ACTIVE_COMPILATION_CONDITIONS = DEBUG;
				SWIFT_OPTIMIZATION_LEVEL = "-Onone";
			};
			name = Debug;
		};
		A0CC28AB1DA9DFB200821114 /* Release */ = {
			isa = XCBuildConfiguration;
			buildSettings = {
				ALWAYS_SEARCH_USER_PATHS = NO;
				CLANG_ANALYZER_NONNULL = YES;
				CLANG_CXX_LANGUAGE_STANDARD = "gnu++0x";
				CLANG_CXX_LIBRARY = "libc++";
				CLANG_ENABLE_MODULES = YES;
				CLANG_ENABLE_OBJC_ARC = YES;
				CLANG_WARN_BOOL_CONVERSION = YES;
				CLANG_WARN_CONSTANT_CONVERSION = YES;
				CLANG_WARN_DIRECT_OBJC_ISA_USAGE = YES_ERROR;
				CLANG_WARN_DOCUMENTATION_COMMENTS = YES;
				CLANG_WARN_EMPTY_BODY = YES;
				CLANG_WARN_ENUM_CONVERSION = YES;
				CLANG_WARN_INFINITE_RECURSION = YES;
				CLANG_WARN_INT_CONVERSION = YES;
				CLANG_WARN_OBJC_ROOT_CLASS = YES_ERROR;
				CLANG_WARN_SUSPICIOUS_MOVES = YES;
				CLANG_WARN_UNREACHABLE_CODE = YES;
				CLANG_WARN__DUPLICATE_METHOD_MATCH = YES;
				"CODE_SIGN_IDENTITY[sdk=iphoneos*]" = "iPhone Developer";
				COPY_PHASE_STRIP = NO;
				DEBUG_INFORMATION_FORMAT = "dwarf-with-dsym";
				ENABLE_NS_ASSERTIONS = NO;
				ENABLE_STRICT_OBJC_MSGSEND = YES;
				GCC_C_LANGUAGE_STANDARD = gnu99;
				GCC_NO_COMMON_BLOCKS = YES;
				GCC_WARN_64_TO_32_BIT_CONVERSION = YES;
				GCC_WARN_ABOUT_RETURN_TYPE = YES_ERROR;
				GCC_WARN_UNDECLARED_SELECTOR = YES;
				GCC_WARN_UNINITIALIZED_AUTOS = YES_AGGRESSIVE;
				GCC_WARN_UNUSED_FUNCTION = YES;
				GCC_WARN_UNUSED_VARIABLE = YES;
				IPHONEOS_DEPLOYMENT_TARGET = 10.0;
				MTL_ENABLE_DEBUG_INFO = NO;
				SDKROOT = iphoneos;
				SWIFT_OPTIMIZATION_LEVEL = "-Owholemodule";
				VALIDATE_PRODUCT = YES;
			};
			name = Release;
		};
		A0CC28AD1DA9DFB200821114 /* Debug */ = {
			isa = XCBuildConfiguration;
			buildSettings = {
				ASSETCATALOG_COMPILER_APPICON_NAME = AppIcon;
				INFOPLIST_FILE = PersonalDrame/Info.plist;
				LD_RUNPATH_SEARCH_PATHS = "$(inherited) @executable_path/Frameworks";
				PRODUCT_BUNDLE_IDENTIFIER = zhiyou.PersonalDrame;
				PRODUCT_NAME = "$(TARGET_NAME)";
				SWIFT_VERSION = 3.0;
			};
			name = Debug;
		};
		A0CC28AE1DA9DFB200821114 /* Release */ = {
			isa = XCBuildConfiguration;
			buildSettings = {
				ASSETCATALOG_COMPILER_APPICON_NAME = AppIcon;
				INFOPLIST_FILE = PersonalDrame/Info.plist;
				LD_RUNPATH_SEARCH_PATHS = "$(inherited) @executable_path/Frameworks";
				PRODUCT_BUNDLE_IDENTIFIER = zhiyou.PersonalDrame;
				PRODUCT_NAME = "$(TARGET_NAME)";
				SWIFT_VERSION = 3.0;
			};
			name = Release;
		};
/* End XCBuildConfiguration section */

/* Begin XCConfigurationList section */
		A0CC28951DA9DFB200821114 /* Build configuration list for PBXProject "PersonalDrame" */ = {
			isa = XCConfigurationList;
			buildConfigurations = (
				A0CC28AA1DA9DFB200821114 /* Debug */,
				A0CC28AB1DA9DFB200821114 /* Release */,
			);
			defaultConfigurationIsVisible = 0;
			defaultConfigurationName = Release;
		};
		A0CC28AC1DA9DFB200821114 /* Build configuration list for PBXNativeTarget "PersonalDrame" */ = {
			isa = XCConfigurationList;
			buildConfigurations = (
				A0CC28AD1DA9DFB200821114 /* Debug */,
				A0CC28AE1DA9DFB200821114 /* Release */,
			);
			defaultConfigurationIsVisible = 0;
		};
/* End XCConfigurationList section */
	};
	rootObject = A0CC28921DA9DFB200821114 /* Project object */;
}
